dependencies:
- name: base-microservice
  repository: file://../base-microservice
  version: 0.1.0
- name: base-microservice
  repository: file://../base-microservice
  version: 0.1.0
- name: base-microservice
  repository: file://../base-microservice
  version: 0.1.0
- name: base-nginx-ingress
  repository: file://../base-nginx-ingress
  version: 0.1.0
- name: base-externals
  repository: file://../base-externals
  version: 0.1.0
digest: sha256:a62cb27c4a5b7faf07a0b47398e81f19a3b34825890a52077a28096a54d3b393
generated: "2023-11-16T10:57:46.528628+08:00"
